// !$*UTF8*$!
{
	archiveVersion = 1;
	classes = {
	};
	objectVersion = 56;
	objects = {

/* Begin PBXBuildFile section */
		4B79DD2C2AD5D5CA004A9971 /* FintechUIApp.swift in Sources */ = {isa = PBXBuildFile; fileRef = 4B79DD2B2AD5D5CA004A9971 /* FintechUIApp.swift */; };
		4B79DD2E2AD5D5CA004A9971 /* ContentView.swift in Sources */ = {isa = PBXBuildFile; fileRef = 4B79DD2D2AD5D5CA004A9971 /* ContentView.swift */; };
		4B79DD302AD5D5CD004A9971 /* Assets.xcassets in Resources */ = {isa = PBXBuildFile; fileRef = 4B79DD2F2AD5D5CD004A9971 /* Assets.xcassets */; };
		4B79DD332AD5D5CD004A9971 /* Preview Assets.xcassets in Resources */ = {isa = PBXBuildFile; fileRef = 4B79DD322AD5D5CD004A9971 /* Preview Assets.xcassets */; };
		4B79DD422AD5DC90004A9971 /* Color.swift in Sources */ = {isa = PBXBuildFile; fileRef = 4B79DD412AD5DC90004A9971 /* Color.swift */; };
		4B79DD452AD5DFA5004A9971 /* UserPicture.swift in Sources */ = {isa = PBXBuildFile; fileRef = 4B79DD442AD5DFA5004A9971 /* UserPicture.swift */; };
		4B79DD472AD5DFB4004A9971 /* User.swift in Sources */ = {isa = PBXBuildFile; fileRef = 4B79DD462AD5DFB4004A9971 /* User.swift */; };
		4B79DD492AD5E3E5004A9971 /* ButtonWithIcon.swift in Sources */ = {isa = PBXBuildFile; fileRef = 4B79DD482AD5E3E5004A9971 /* ButtonWithIcon.swift */; };
		4B79DD4B2AD61672004A9971 /* Card.swift in Sources */ = {isa = PBXBuildFile; fileRef = 4B79DD4A2AD61672004A9971 /* Card.swift */; };
		4B79DD4E2AD61860004A9971 /* CardView.swift in Sources */ = {isa = PBXBuildFile; fileRef = 4B79DD4D2AD61860004A9971 /* CardView.swift */; };
		4B79DD502AD61BDC004A9971 /* Double.swift in Sources */ = {isa = PBXBuildFile; fileRef = 4B79DD4F2AD61BDC004A9971 /* Double.swift */; };
		4B79DD522AD620A0004A9971 /* ButtonWithIconAndTitle.swift in Sources */ = {isa = PBXBuildFile; fileRef = 4B79DD512AD620A0004A9971 /* ButtonWithIconAndTitle.swift */; };
		4B79DD542AD62FE1004A9971 /* ChipView.swift in Sources */ = {isa = PBXBuildFile; fileRef = 4B79DD532AD62FE1004A9971 /* ChipView.swift */; };
		4B87AA9A2AD718E90084DB96 /* ContactRow.swift in Sources */ = {isa = PBXBuildFile; fileRef = 4B87AA992AD718E90084DB96 /* ContactRow.swift */; };
		4B87AA9D2AD729340084DB96 /* BalanceView.swift in Sources */ = {isa = PBXBuildFile; fileRef = 4B87AA9C2AD729340084DB96 /* BalanceView.swift */; };
		4B87AA9F2AD730530084DB96 /* ChartValue.swift in Sources */ = {isa = PBXBuildFile; fileRef = 4B87AA9E2AD730530084DB96 /* ChartValue.swift */; };
/* End PBXBuildFile section */

/* Begin PBXFileReference section */
		4B79DD282AD5D5CA004A9971 /* FintechUI.app */ = {isa = PBXFileReference; explicitFileType = wrapper.application; includeInIndex = 0; path = FintechUI.app; sourceTree = BUILT_PRODUCTS_DIR; };
		4B79DD2B2AD5D5CA004A9971 /* FintechUIApp.swift */ = {isa = PBXFileReference; lastKnownFileType = sourcecode.swift; path = FintechUIApp.swift; sourceTree = "<group>"; };
		4B79DD2D2AD5D5CA004A9971 /* ContentView.swift */ = {isa = PBXFileReference; lastKnownFileType = sourcecode.swift; path = ContentView.swift; sourceTree = "<group>"; };
		4B79DD2F2AD5D5CD004A9971 /* Assets.xcassets */ = {isa = PBXFileReference; lastKnownFileType = folder.assetcatalog; path = Assets.xcassets; sourceTree = "<group>"; };
		4B79DD322AD5D5CD004A9971 /* Preview Assets.xcassets */ = {isa = PBXFileReference; lastKnownFileType = folder.assetcatalog; path = "Preview Assets.xcassets"; sourceTree = "<group>"; };
		4B79DD412AD5DC90004A9971 /* Color.swift */ = {isa = PBXFileReference; lastKnownFileType = sourcecode.swift; path = Color.swift; sourceTree = "<group>"; };
		4B79DD442AD5DFA5004A9971 /* UserPicture.swift */ = {isa = PBXFileReference; lastKnownFileType = sourcecode.swift; path = UserPicture.swift; sourceTree = "<group>"; };
		4B79DD462AD5DFB4004A9971 /* User.swift */ = {isa = PBXFileReference; lastKnownFileType = sourcecode.swift; path = User.swift; sourceTree = "<group>"; };
		4B79DD482AD5E3E5004A9971 /* ButtonWithIcon.swift */ = {isa = PBXFileReference; lastKnownFileType = sourcecode.swift; path = ButtonWithIcon.swift; sourceTree = "<group>"; };
		4B79DD4A2AD61672004A9971 /* Card.swift */ = {isa = PBXFileReference; lastKnownFileType = sourcecode.swift; path = Card.swift; sourceTree = "<group>"; };
		4B79DD4D2AD61860004A9971 /* CardView.swift */ = {isa = PBXFileReference; lastKnownFileType = sourcecode.swift; path = CardView.swift; sourceTree = "<group>"; };
		4B79DD4F2AD61BDC004A9971 /* Double.swift */ = {isa = PBXFileReference; lastKnownFileType = sourcecode.swift; path = Double.swift; sourceTree = "<group>"; };
		4B79DD512AD620A0004A9971 /* ButtonWithIconAndTitle.swift */ = {isa = PBXFileReference; lastKnownFileType = sourcecode.swift; path = ButtonWithIconAndTitle.swift; sourceTree = "<group>"; };
		4B79DD532AD62FE1004A9971 /* ChipView.swift */ = {isa = PBXFileReference; lastKnownFileType = sourcecode.swift; path = ChipView.swift; sourceTree = "<group>"; };
		4B87AA992AD718E90084DB96 /* ContactRow.swift */ = {isa = PBXFileReference; lastKnownFileType = sourcecode.swift; path = ContactRow.swift; sourceTree = "<group>"; };
		4B87AA9C2AD729340084DB96 /* BalanceView.swift */ = {isa = PBXFileReference; lastKnownFileType = sourcecode.swift; path = BalanceView.swift; sourceTree = "<group>"; };
		4B87AA9E2AD730530084DB96 /* ChartValue.swift */ = {isa = PBXFileReference; lastKnownFileType = sourcecode.swift; path = ChartValue.swift; sourceTree = "<group>"; };
/* End PBXFileReference section */

/* Begin PBXFrameworksBuildPhase section */
		4B79DD252AD5D5CA004A9971 /* Frameworks */ = {
			isa = PBXFrameworksBuildPhase;
			buildActionMask = 2147483647;
			files = (
			);
			runOnlyForDeploymentPostprocessing = 0;
		};
/* End PBXFrameworksBuildPhase section */

/* Begin PBXGroup section */
		4B79DD1F2AD5D5CA004A9971 = {
			isa = PBXGroup;
			children = (
				4B79DD2A2AD5D5CA004A9971 /* FintechUI */,
				4B79DD292AD5D5CA004A9971 /* Products */,
			);
			sourceTree = "<group>";
		};
		4B79DD292AD5D5CA004A9971 /* Products */ = {
			isa = PBXGroup;
			children = (
				4B79DD282AD5D5CA004A9971 /* FintechUI.app */,
			);
			name = Products;
			sourceTree = "<group>";
		};
		4B79DD2A2AD5D5CA004A9971 /* FintechUI */ = {
			isa = PBXGroup;
			children = (
				4B79DD392AD5DB50004A9971 /* App */,
				4B79DD2F2AD5D5CD004A9971 /* Assets.xcassets */,
				4B79DD3A2AD5DB56004A9971 /* Core */,
				4B79DD3B2AD5DB5B004A9971 /* Extension */,
				4B79DD3C2AD5DB64004A9971 /* Model */,
				4B79DD312AD5D5CD004A9971 /* Preview Content */,
			);
			path = FintechUI;
			sourceTree = "<group>";
		};
		4B79DD312AD5D5CD004A9971 /* Preview Content */ = {
			isa = PBXGroup;
			children = (
				4B79DD322AD5D5CD004A9971 /* Preview Assets.xcassets */,
			);
			path = "Preview Content";
			sourceTree = "<group>";
		};
		4B79DD392AD5DB50004A9971 /* App */ = {
			isa = PBXGroup;
			children = (
				4B79DD2B2AD5D5CA004A9971 /* FintechUIApp.swift */,
			);
			path = App;
			sourceTree = "<group>";
		};
		4B79DD3A2AD5DB56004A9971 /* Core */ = {
			isa = PBXGroup;
			children = (
				4B79DD3E2AD5DB9C004A9971 /* Balance */,
				4B79DD432AD5DF7C004A9971 /* Components */,
				4B79DD3F2AD5DBA6004A9971 /* Send */,
				4B79DD3D2AD5DB95004A9971 /* Root */,
			);
			path = Core;
			sourceTree = "<group>";
		};
		4B79DD3B2AD5DB5B004A9971 /* Extension */ = {
			isa = PBXGroup;
			children = (
				4B79DD412AD5DC90004A9971 /* Color.swift */,
				4B79DD4F2AD61BDC004A9971 /* Double.swift */,
			);
			path = Extension;
			sourceTree = "<group>";
		};
		4B79DD3C2AD5DB64004A9971 /* Model */ = {
			isa = PBXGroup;
			children = (
				4B79DD4A2AD61672004A9971 /* Card.swift */,
				4B79DD462AD5DFB4004A9971 /* User.swift */,
				4B87AA9E2AD730530084DB96 /* ChartValue.swift */,
			);
			path = Model;
			sourceTree = "<group>";
		};
		4B79DD3D2AD5DB95004A9971 /* Root */ = {
			isa = PBXGroup;
			children = (
				4B79DD4C2AD6184D004A9971 /* Components */,
				4B79DD402AD5DBB2004A9971 /* View */,
			);
			path = Root;
			sourceTree = "<group>";
		};
		4B79DD3E2AD5DB9C004A9971 /* Balance */ = {
			isa = PBXGroup;
			children = (
				4B87AA9B2AD729270084DB96 /* View */,
			);
			path = Balance;
			sourceTree = "<group>";
		};
		4B79DD3F2AD5DBA6004A9971 /* Send */ = {
			isa = PBXGroup;
			children = (
			);
			path = Send;
			sourceTree = "<group>";
		};
		4B79DD402AD5DBB2004A9971 /* View */ = {
			isa = PBXGroup;
			children = (
				4B79DD2D2AD5D5CA004A9971 /* ContentView.swift */,
			);
			path = View;
			sourceTree = "<group>";
		};
		4B79DD432AD5DF7C004A9971 /* Components */ = {
			isa = PBXGroup;
			children = (
				4B79DD482AD5E3E5004A9971 /* ButtonWithIcon.swift */,
				4B79DD512AD620A0004A9971 /* ButtonWithIconAndTitle.swift */,
				4B79DD532AD62FE1004A9971 /* ChipView.swift */,
				4B79DD442AD5DFA5004A9971 /* UserPicture.swift */,
			);
			path = Components;
			sourceTree = "<group>";
		};
		4B79DD4C2AD6184D004A9971 /* Components */ = {
			isa = PBXGroup;
			children = (
				4B87AA992AD718E90084DB96 /* ContactRow.swift */,
				4B79DD4D2AD61860004A9971 /* CardView.swift */,
			);
			path = Components;
			sourceTree = "<group>";
		};
		4B87AA9B2AD729270084DB96 /* View */ = {
			isa = PBXGroup;
			children = (
				4B87AA9C2AD729340084DB96 /* BalanceView.swift */,
			);
			path = View;
			sourceTree = "<group>";
		};
/* End PBXGroup section */

/* Begin PBXNativeTarget section */
		4B79DD272AD5D5CA004A9971 /* FintechUI */ = {
			isa = PBXNativeTarget;
			buildConfigurationList = 4B79DD362AD5D5CD004A9971 /* Build configuration list for PBXNativeTarget "FintechUI" */;
			buildPhases = (
				4B79DD242AD5D5CA004A9971 /* Sources */,
				4B79DD252AD5D5CA004A9971 /* Frameworks */,
				4B79DD262AD5D5CA004A9971 /* Resources */,
			);
			buildRules = (
			);
			dependencies = (
			);
			name = FintechUI;
			productName = FintechUI;
			productReference = 4B79DD282AD5D5CA004A9971 /* FintechUI.app */;
			productType = "com.apple.product-type.application";
		};
/* End PBXNativeTarget section */

/* Begin PBXProject section */
		4B79DD202AD5D5CA004A9971 /* Project object */ = {
			isa = PBXProject;
			attributes = {
				BuildIndependentTargetsInParallel = 1;
				LastSwiftUpdateCheck = 1500;
				LastUpgradeCheck = 1500;
				TargetAttributes = {
					4B79DD272AD5D5CA004A9971 = {
						CreatedOnToolsVersion = 15.0;
					};
				};
			};
			buildConfigurationList = 4B79DD232AD5D5CA004A9971 /* Build configuration list for PBXProject "FintechUI" */;
			compatibilityVersion = "Xcode 14.0";
			developmentRegion = en;
			hasScannedForEncodings = 0;
			knownRegions = (
				en,
				Base,
			);
			mainGroup = 4B79DD1F2AD5D5CA004A9971;
			productRefGroup = 4B79DD292AD5D5CA004A9971 /* Products */;
			projectDirPath = "";
			projectRoot = "";
			targets = (
				4B79DD272AD5D5CA004A9971 /* FintechUI */,
			);
		};
/* End PBXProject section */

/* Begin PBXResourcesBuildPhase section */
		4B79DD262AD5D5CA004A9971 /* Resources */ = {
			isa = PBXResourcesBuildPhase;
			buildActionMask = 2147483647;
			files = (
				4B79DD332AD5D5CD004A9971 /* Preview Assets.xcassets in Resources */,
				4B79DD302AD5D5CD004A9971 /* Assets.xcassets in Resources */,
			);
			runOnlyForDeploymentPostprocessing = 0;
		};
/* End PBXResourcesBuildPhase section */

/* Begin PBXSourcesBuildPhase section */
		4B79DD242AD5D5CA004A9971 /* Sources */ = {
			isa = PBXSourcesBuildPhase;
			buildActionMask = 2147483647;
			files = (
				4B79DD2E2AD5D5CA004A9971 /* ContentView.swift in Sources */,
				4B79DD522AD620A0004A9971 /* ButtonWithIconAndTitle.swift in Sources */,
				4B79DD2C2AD5D5CA004A9971 /* FintechUIApp.swift in Sources */,
				4B79DD4B2AD61672004A9971 /* Card.swift in Sources */,
				4B87AA9F2AD730530084DB96 /* ChartValue.swift in Sources */,
				4B79DD492AD5E3E5004A9971 /* ButtonWithIcon.swift in Sources */,
				4B79DD422AD5DC90004A9971 /* Color.swift in Sources */,
				4B79DD472AD5DFB4004A9971 /* User.swift in Sources */,
				4B79DD4E2AD61860004A9971 /* CardView.swift in Sources */,
				4B79DD502AD61BDC004A9971 /* Double.swift in Sources */,
				4B79DD452AD5DFA5004A9971 /* UserPicture.swift in Sources */,
				4B79DD542AD62FE1004A9971 /* ChipView.swift in Sources */,
				4B87AA9A2AD718E90084DB96 /* ContactRow.swift in Sources */,
				4B87AA9D2AD729340084DB96 /* BalanceView.swift in Sources */,
			);
			runOnlyForDeploymentPostprocessing = 0;
		};
/* End PBXSourcesBuildPhase section */

/* Begin XCBuildConfiguration section */
		4B79DD342AD5D5CD004A9971 /* Debug */ = {
			isa = XCBuildConfiguration;
			buildSettings = {
				ALWAYS_SEARCH_USER_PATHS = NO;
				ASSETCATALOG_COMPILER_GENERATE_SWIFT_ASSET_SYMBOL_EXTENSIONS = YES;
				CLANG_ANALYZER_NONNULL = YES;
				CLANG_ANALYZER_NUMBER_OBJECT_CONVERSION = YES_AGGRESSIVE;
				CLANG_CXX_LANGUAGE_STANDARD = "gnu++20";
				CLANG_ENABLE_MODULES = YES;
				CLANG_ENABLE_OBJC_ARC = YES;
				CLANG_ENABLE_OBJC_WEAK = YES;
				CLANG_WARN_BLOCK_CAPTURE_AUTORELEASING = YES;
				CLANG_WARN_BOOL_CONVERSION = YES;
				CLANG_WARN_COMMA = YES;
				CLANG_WARN_CONSTANT_CONVERSION = YES;
				CLANG_WARN_DEPRECATED_OBJC_IMPLEMENTATIONS = YES;
				CLANG_WARN_DIRECT_OBJC_ISA_USAGE = YES_ERROR;
				CLANG_WARN_DOCUMENTATION_COMMENTS = YES;
				CLANG_WARN_EMPTY_BODY = YES;
				CLANG_WARN_ENUM_CONVERSION = YES;
				CLANG_WARN_INFINITE_RECURSION = YES;
				CLANG_WARN_INT_CONVERSION = YES;
				CLANG_WARN_NON_LITERAL_NULL_CONVERSION = YES;
				CLANG_WARN_OBJC_IMPLICIT_RETAIN_SELF = YES;
				CLANG_WARN_OBJC_LITERAL_CONVERSION = YES;
				CLANG_WARN_OBJC_ROOT_CLASS = YES_ERROR;
				CLANG_WARN_QUOTED_INCLUDE_IN_FRAMEWORK_HEADER = YES;
				CLANG_WARN_RANGE_LOOP_ANALYSIS = YES;
				CLANG_WARN_STRICT_PROTOTYPES = YES;
				CLANG_WARN_SUSPICIOUS_MOVE = YES;
				CLANG_WARN_UNGUARDED_AVAILABILITY = YES_AGGRESSIVE;
				CLANG_WARN_UNREACHABLE_CODE = YES;
				CLANG_WARN__DUPLICATE_METHOD_MATCH = YES;
				COPY_PHASE_STRIP = NO;
				DEBUG_INFORMATION_FORMAT = dwarf;
				ENABLE_STRICT_OBJC_MSGSEND = YES;
				ENABLE_TESTABILITY = YES;
				ENABLE_USER_SCRIPT_SANDBOXING = YES;
				GCC_C_LANGUAGE_STANDARD = gnu17;
				GCC_DYNAMIC_NO_PIC = NO;
				GCC_NO_COMMON_BLOCKS = YES;
				GCC_OPTIMIZATION_LEVEL = 0;
				GCC_PREPROCESSOR_DEFINITIONS = (
					"DEBUG=1",
					"$(inherited)",
				);
				GCC_WARN_64_TO_32_BIT_CONVERSION = YES;
				GCC_WARN_ABOUT_RETURN_TYPE = YES_ERROR;
				GCC_WARN_UNDECLARED_SELECTOR = YES;
				GCC_WARN_UNINITIALIZED_AUTOS = YES_AGGRESSIVE;
				GCC_WARN_UNUSED_FUNCTION = YES;
				GCC_WARN_UNUSED_VARIABLE = YES;
				IPHONEOS_DEPLOYMENT_TARGET = 17.0;
				LOCALIZATION_PREFERS_STRING_CATALOGS = YES;
				MTL_ENABLE_DEBUG_INFO = INCLUDE_SOURCE;
				MTL_FAST_MATH = YES;
				ONLY_ACTIVE_ARCH = YES;
				SDKROOT = iphoneos;
				SWIFT_ACTIVE_COMPILATION_CONDITIONS = "DEBUG $(inherited)";
				SWIFT_OPTIMIZATION_LEVEL = "-Onone";
			};
			name = Debug;
		};
		4B79DD352AD5D5CD004A9971 /* Release */ = {
			isa = XCBuildConfiguration;
			buildSettings = {
				ALWAYS_SEARCH_USER_PATHS = NO;
				ASSETCATALOG_COMPILER_GENERATE_SWIFT_ASSET_SYMBOL_EXTENSIONS = YES;
				CLANG_ANALYZER_NONNULL = YES;
				CLANG_ANALYZER_NUMBER_OBJECT_CONVERSION = YES_AGGRESSIVE;
				CLANG_CXX_LANGUAGE_STANDARD = "gnu++20";
				CLANG_ENABLE_MODULES = YES;
				CLANG_ENABLE_OBJC_ARC = YES;
				CLANG_ENABLE_OBJC_WEAK = YES;
				CLANG_WARN_BLOCK_CAPTURE_AUTORELEASING = YES;
				CLANG_WARN_BOOL_CONVERSION = YES;
				CLANG_WARN_COMMA = YES;
				CLANG_WARN_CONSTANT_CONVERSION = YES;
				CLANG_WARN_DEPRECATED_OBJC_IMPLEMENTATIONS = YES;
				CLANG_WARN_DIRECT_OBJC_ISA_USAGE = YES_ERROR;
				CLANG_WARN_DOCUMENTATION_COMMENTS = YES;
				CLANG_WARN_EMPTY_BODY = YES;
				CLANG_WARN_ENUM_CONVERSION = YES;
				CLANG_WARN_INFINITE_RECURSION = YES;
				CLANG_WARN_INT_CONVERSION = YES;
				CLANG_WARN_NON_LITERAL_NULL_CONVERSION = YES;
				CLANG_WARN_OBJC_IMPLICIT_RETAIN_SELF = YES;
				CLANG_WARN_OBJC_LITERAL_CONVERSION = YES;
				CLANG_WARN_OBJC_ROOT_CLASS = YES_ERROR;
				CLANG_WARN_QUOTED_INCLUDE_IN_FRAMEWORK_HEADER = YES;
				CLANG_WARN_RANGE_LOOP_ANALYSIS = YES;
				CLANG_WARN_STRICT_PROTOTYPES = YES;
				CLANG_WARN_SUSPICIOUS_MOVE = YES;
				CLANG_WARN_UNGUARDED_AVAILABILITY = YES_AGGRESSIVE;
				CLANG_WARN_UNREACHABLE_CODE = YES;
				CLANG_WARN__DUPLICATE_METHOD_MATCH = YES;
				COPY_PHASE_STRIP = NO;
				DEBUG_INFORMATION_FORMAT = "dwarf-with-dsym";
				ENABLE_NS_ASSERTIONS = NO;
				ENABLE_STRICT_OBJC_MSGSEND = YES;
				ENABLE_USER_SCRIPT_SANDBOXING = YES;
				GCC_C_LANGUAGE_STANDARD = gnu17;
				GCC_NO_COMMON_BLOCKS = YES;
				GCC_WARN_64_TO_32_BIT_CONVERSION = YES;
				GCC_WARN_ABOUT_RETURN_TYPE = YES_ERROR;
				GCC_WARN_UNDECLARED_SELECTOR = YES;
				GCC_WARN_UNINITIALIZED_AUTOS = YES_AGGRESSIVE;
				GCC_WARN_UNUSED_FUNCTION = YES;
				GCC_WARN_UNUSED_VARIABLE = YES;
				IPHONEOS_DEPLOYMENT_TARGET = 17.0;
				LOCALIZATION_PREFERS_STRING_CATALOGS = YES;
				MTL_ENABLE_DEBUG_INFO = NO;
				MTL_FAST_MATH = YES;
				SDKROOT = iphoneos;
				SWIFT_COMPILATION_MODE = wholemodule;
				VALIDATE_PRODUCT = YES;
			};
			name = Release;
		};
		4B79DD372AD5D5CD004A9971 /* Debug */ = {
			isa = XCBuildConfiguration;
			buildSettings = {
				ASSETCATALOG_COMPILER_APPICON_NAME = AppIcon;
				ASSETCATALOG_COMPILER_GLOBAL_ACCENT_COLOR_NAME = AccentColor;
				CODE_SIGN_STYLE = Automatic;
				CURRENT_PROJECT_VERSION = 1;
				DEVELOPMENT_ASSET_PATHS = "\"FintechUI/Preview Content\"";
				DEVELOPMENT_TEAM = 3RQAYNAD56;
				ENABLE_PREVIEWS = YES;
				GENERATE_INFOPLIST_FILE = YES;
				INFOPLIST_KEY_UIApplicationSceneManifest_Generation = YES;
				INFOPLIST_KEY_UIApplicationSupportsIndirectInputEvents = YES;
				INFOPLIST_KEY_UILaunchScreen_Generation = YES;
				INFOPLIST_KEY_UISupportedInterfaceOrientations_iPad = "UIInterfaceOrientationPortrait UIInterfaceOrientationPortraitUpsideDown UIInterfaceOrientationLandscapeLeft UIInterfaceOrientationLandscapeRight";
				INFOPLIST_KEY_UISupportedInterfaceOrientations_iPhone = "UIInterfaceOrientationPortrait UIInterfaceOrientationLandscapeLeft UIInterfaceOrientationLandscapeRight";
				LD_RUNPATH_SEARCH_PATHS = (
					"$(inherited)",
					"@executable_path/Frameworks",
				);
				MARKETING_VERSION = 1.0;
				PRODUCT_BUNDLE_IDENTIFIER = com.bsc.FintechUI;
				PRODUCT_NAME = "$(TARGET_NAME)";
				SWIFT_EMIT_LOC_STRINGS = YES;
				SWIFT_VERSION = 5.0;
				TARGETED_DEVICE_FAMILY = "1,2";
			};
			name = Debug;
		};
		4B79DD382AD5D5CD004A9971 /* Release */ = {
			isa = XCBuildConfiguration;
			buildSettings = {
				ASSETCATALOG_COMPILER_APPICON_NAME = AppIcon;
				ASSETCATALOG_COMPILER_GLOBAL_ACCENT_COLOR_NAME = AccentColor;
				CODE_SIGN_STYLE = Automatic;
				CURRENT_PROJECT_VERSION = 1;
				DEVELOPMENT_ASSET_PATHS = "\"FintechUI/Preview Content\"";
				DEVELOPMENT_TEAM = 3RQAYNAD56;
				ENABLE_PREVIEWS = YES;
				GENERATE_INFOPLIST_FILE = YES;
				INFOPLIST_KEY_UIApplicationSceneManifest_Generation = YES;
				INFOPLIST_KEY_UIApplicationSupportsIndirectInputEvents = YES;
				INFOPLIST_KEY_UILaunchScreen_Generation = YES;
				INFOPLIST_KEY_UISupportedInterfaceOrientations_iPad = "UIInterfaceOrientationPortrait UIInterfaceOrientationPortraitUpsideDown UIInterfaceOrientationLandscapeLeft UIInterfaceOrientationLandscapeRight";
				INFOPLIST_KEY_UISupportedInterfaceOrientations_iPhone = "UIInterfaceOrientationPortrait UIInterfaceOrientationLandscapeLeft UIInterfaceOrientationLandscapeRight";
				LD_RUNPATH_SEARCH_PATHS = (
					"$(inherited)",
					"@executable_path/Frameworks",
				);
				MARKETING_VERSION = 1.0;
				PRODUCT_BUNDLE_IDENTIFIER = com.bsc.FintechUI;
				PRODUCT_NAME = "$(TARGET_NAME)";
				SWIFT_EMIT_LOC_STRINGS = YES;
				SWIFT_VERSION = 5.0;
				TARGETED_DEVICE_FAMILY = "1,2";
			};
			name = Release;
		};
/* End XCBuildConfiguration section */

/* Begin XCConfigurationList section */
		4B79DD232AD5D5CA004A9971 /* Build configuration list for PBXProject "FintechUI" */ = {
			isa = XCConfigurationList;
			buildConfigurations = (
				4B79DD342AD5D5CD004A9971 /* Debug */,
				4B79DD352AD5D5CD004A9971 /* Release */,
			);
			defaultConfigurationIsVisible = 0;
			defaultConfigurationName = Release;
		};
		4B79DD362AD5D5CD004A9971 /* Build configuration list for PBXNativeTarget "FintechUI" */ = {
			isa = XCConfigurationList;
			buildConfigurations = (
				4B79DD372AD5D5CD004A9971 /* Debug */,
				4B79DD382AD5D5CD004A9971 /* Release */,
			);
			defaultConfigurationIsVisible = 0;
			defaultConfigurationName = Release;
		};
/* End XCConfigurationList section */
	};
	rootObject = 4B79DD202AD5D5CA004A9971 /* Project object */;
}
